Microsoft Visual Studio Solution File, Format Version 12.00
# Visual Studio 2012
Project("{FAE04EC0-301F-11D3-BF4B-00C04F79EFBC}") = "AdoT", "AdoT.csproj", "{1783E350-EF8A-4876-A258-DFD704BDD866}"
EndProject
Global
	GlobalSection(SolutionConfigurationPlatforms) = preSolution
	Debug|Any CPU = Debug|Any CPU
	ExportDebug|Any CPU = ExportDebug|Any CPU
	ExportRelease|Any CPU = ExportRelease|Any CPU
	EndGlobalSection
	GlobalSection(ProjectConfigurationPlatforms) = postSolution
		{1783E350-EF8A-4876-A258-DFD704BDD866}.Debug|Any CPU.ActiveCfg = Debug|Any CPU
		{1783E350-EF8A-4876-A258-DFD704BDD866}.Debug|Any CPU.Build.0 = Debug|Any CPU
		{1783E350-EF8A-4876-A258-DFD704BDD866}.ExportDebug|Any CPU.ActiveCfg = ExportDebug|Any CPU
		{1783E350-EF8A-4876-A258-DFD704BDD866}.ExportDebug|Any CPU.Build.0 = ExportDebug|Any CPU
		{1783E350-EF8A-4876-A258-DFD704BDD866}.ExportRelease|Any CPU.ActiveCfg = ExportRelease|Any CPU
		{1783E350-EF8A-4876-A258-DFD704BDD866}.ExportRelease|Any CPU.Build.0 = ExportRelease|Any CPU
	EndGlobalSection
EndGlobal
